PODS:
  - ADAL (2.2.2):
    - ADAL/app-lib (= 2.2.2)
  - ADAL/app-lib (2.2.2):
    - ADAL/tokencacheheader
  - ADAL/tokencacheheader (2.2.2)

DEPENDENCIES:
  - ADAL (~> 2.2.2)

SPEC CHECKSUMS:
  ADAL: b396ada3fe9a19d6d357650da9835045e0fe631e

PODFILE CHECKSUM: 9fbd789b1494f0e96066a3ee18810870dc1e7aeb

COCOAPODS: 1.0.1
