// !$*UTF8*$!
{
	archiveVersion = 1;
	classes = {
	};
	objectVersion = 46;
	objects = {

/* Begin PBXBuildFile section */
		C01CAC4B1D25315D0093423B /* MSRightsManagementResources.bundle in Resources */ = {isa = PBXBuildFile; fileRef = C01CAC491D25315D0093423B /* MSRightsManagementResources.bundle */; };
		C01CAC4C1D25315D0093423B /* MSRightsManagement.framework in Frameworks */ = {isa = PBXBuildFile; fileRef = C01CAC4A1D25315D0093423B /* MSRightsManagement.framework */; };
		C01CAC501D2532480093423B /* libresolv.9.tbd in Frameworks */ = {isa = PBXBuildFile; fileRef = C01CAC4F1D2532480093423B /* libresolv.9.tbd */; };
		C01CAC521D25324C0093423B /* MessageUI.framework in Frameworks */ = {isa = PBXBuildFile; fileRef = C01CAC511D25324C0093423B /* MessageUI.framework */; };
		C01CAC541D2532510093423B /* CoreData.framework in Frameworks */ = {isa = PBXBuildFile; fileRef = C01CAC531D2532510093423B /* CoreData.framework */; };
		C01CAC561D2532550093423B /* Security.framework in Frameworks */ = {isa = PBXBuildFile; fileRef = C01CAC551D2532550093423B /* Security.framework */; };
		C01CAC581D2532590093423B /* SystemConfiguration.framework in Frameworks */ = {isa = PBXBuildFile; fileRef = C01CAC571D2532590093423B /* SystemConfiguration.framework */; };
		C0AB5E061D2379430012894F /* AWIrmFramework.framework in Frameworks */ = {isa = PBXBuildFile; fileRef = C0AB5DFB1D2379430012894F /* AWIrmFramework.framework */; };
		C0AB5E0B1D2379430012894F /* AWIrmFrameworkTests.swift in Sources */ = {isa = PBXBuildFile; fileRef = C0AB5E0A1D2379430012894F /* AWIrmFrameworkTests.swift */; };
		C0AB5EE41D23D3100012894F /* AWIrmDataProvider.swift in Sources */ = {isa = PBXBuildFile; fileRef = C0AB5EDF1D23D3100012894F /* AWIrmDataProvider.swift */; };
		C0AB5EE51D23D3100012894F /* AWIrmOperationFactory.swift in Sources */ = {isa = PBXBuildFile; fileRef = C0AB5EE01D23D3100012894F /* AWIrmOperationFactory.swift */; };
		C0AB5EE61D23D3100012894F /* AWIrmProviderType.swift in Sources */ = {isa = PBXBuildFile; fileRef = C0AB5EE11D23D3100012894F /* AWIrmProviderType.swift */; };
		C0AB5EE71D23D3100012894F /* AWIrmResponse.swift in Sources */ = {isa = PBXBuildFile; fileRef = C0AB5EE21D23D3100012894F /* AWIrmResponse.swift */; };
		C0AB5EE81D23D3100012894F /* AWIrmUserPolicy.swift in Sources */ = {isa = PBXBuildFile; fileRef = C0AB5EE31D23D3100012894F /* AWIrmUserPolicy.swift */; };
		C0AB5EEB1D23D34C0012894F /* AWIrmProtocol.swift in Sources */ = {isa = PBXBuildFile; fileRef = C0AB5EEA1D23D34C0012894F /* AWIrmProtocol.swift */; };
		C0AB5EF11D23D3D20012894F /* AWMSIrmDataProvider.swift in Sources */ = {isa = PBXBuildFile; fileRef = C0AB5EEF1D23D3D20012894F /* AWMSIrmDataProvider.swift */; };
		C0AB5EF21D23D3D20012894F /* AWMSIrmFileOperation.swift in Sources */ = {isa = PBXBuildFile; fileRef = C0AB5EF01D23D3D20012894F /* AWMSIrmFileOperation.swift */; };
		C0AB5EF51D23D3F50012894F /* AWMSIrmConsent.swift in Sources */ = {isa = PBXBuildFile; fileRef = C0AB5EF31D23D3F50012894F /* AWMSIrmConsent.swift */; };
		C0AB5EF61D23D3F50012894F /* AWMSIrmPolicyParser.swift in Sources */ = {isa = PBXBuildFile; fileRef = C0AB5EF41D23D3F50012894F /* AWMSIrmPolicyParser.swift */; };
		C0D7509E1D26308A00B21737 /* ADALiOS.bundle in Resources */ = {isa = PBXBuildFile; fileRef = C0D7509C1D26308A00B21737 /* ADALiOS.bundle */; };
		C0D7509F1D26308A00B21737 /* ADALiOS.framework in Frameworks */ = {isa = PBXBuildFile; fileRef = C0D7509D1D26308A00B21737 /* ADALiOS.framework */; };
/* End PBXBuildFile section */

/* Begin PBXContainerItemProxy section */
		C0AB5E071D2379430012894F /* PBXContainerItemProxy */ = {
			isa = PBXContainerItemProxy;
			containerPortal = C0AB5DF21D2379430012894F /* Project object */;
			proxyType = 1;
			remoteGlobalIDString = C0AB5DFA1D2379430012894F;
			remoteInfo = AWIrmFramework;
		};
/* End PBXContainerItemProxy section */

/* Begin PBXFileReference section */
		C01CAC491D25315D0093423B /* MSRightsManagementResources.bundle */ = {isa = PBXFileReference; lastKnownFileType = "wrapper.plug-in"; path = MSRightsManagementResources.bundle; sourceTree = "<group>"; };
		C01CAC4A1D25315D0093423B /* MSRightsManagement.framework */ = {isa = PBXFileReference; lastKnownFileType = wrapper.framework; path = MSRightsManagement.framework; sourceTree = "<group>"; };
		C01CAC4D1D25316A0093423B /* AWIrmFramework.modulemap */ = {isa = PBXFileReference; lastKnownFileType = "sourcecode.module-map"; path = AWIrmFramework.modulemap; sourceTree = "<group>"; };
		C01CAC4E1D2531BD0093423B /* AWIrmFramework-Bridging-Header.h */ = {isa = PBXFileReference; lastKnownFileType = sourcecode.c.h; path = "AWIrmFramework-Bridging-Header.h"; sourceTree = "<group>"; };
		C01CAC4F1D2532480093423B /* libresolv.9.tbd */ = {isa = PBXFileReference; lastKnownFileType = "sourcecode.text-based-dylib-definition"; name = libresolv.9.tbd; path = usr/lib/libresolv.9.tbd; sourceTree = SDKROOT; };
		C01CAC511D25324C0093423B /* MessageUI.framework */ = {isa = PBXFileReference; lastKnownFileType = wrapper.framework; name = MessageUI.framework; path = System/Library/Frameworks/MessageUI.framework; sourceTree = SDKROOT; };
		C01CAC531D2532510093423B /* CoreData.framework */ = {isa = PBXFileReference; lastKnownFileType = wrapper.framework; name = CoreData.framework; path = System/Library/Frameworks/CoreData.framework; sourceTree = SDKROOT; };
		C01CAC551D2532550093423B /* Security.framework */ = {isa = PBXFileReference; lastKnownFileType = wrapper.framework; name = Security.framework; path = System/Library/Frameworks/Security.framework; sourceTree = SDKROOT; };
		C01CAC571D2532590093423B /* SystemConfiguration.framework */ = {isa = PBXFileReference; lastKnownFileType = wrapper.framework; name = SystemConfiguration.framework; path = System/Library/Frameworks/SystemConfiguration.framework; sourceTree = SDKROOT; };
		C01CAC591D2533C00093423B /* AWIrmFramework.h */ = {isa = PBXFileReference; lastKnownFileType = sourcecode.c.h; path = AWIrmFramework.h; sourceTree = "<group>"; };
		C0AB5DFB1D2379430012894F /* AWIrmFramework.framework */ = {isa = PBXFileReference; explicitFileType = wrapper.framework; includeInIndex = 0; path = AWIrmFramework.framework; sourceTree = BUILT_PRODUCTS_DIR; };
		C0AB5E001D2379430012894F /* Info.plist */ = {isa = PBXFileReference; lastKnownFileType = text.plist.xml; path = Info.plist; sourceTree = "<group>"; };
		C0AB5E051D2379430012894F /* AWIrmFrameworkTests.xctest */ = {isa = PBXFileReference; explicitFileType = wrapper.cfbundle; includeInIndex = 0; path = AWIrmFrameworkTests.xctest; sourceTree = BUILT_PRODUCTS_DIR; };
		C0AB5E0A1D2379430012894F /* AWIrmFrameworkTests.swift */ = {isa = PBXFileReference; lastKnownFileType = sourcecode.swift; path = AWIrmFrameworkTests.swift; sourceTree = "<group>"; };
		C0AB5E0C1D2379430012894F /* Info.plist */ = {isa = PBXFileReference; lastKnownFileType = text.plist.xml; path = Info.plist; sourceTree = "<group>"; };
		C0AB5EDF1D23D3100012894F /* AWIrmDataProvider.swift */ = {isa = PBXFileReference; fileEncoding = 4; lastKnownFileType = sourcecode.swift; path = AWIrmDataProvider.swift; sourceTree = "<group>"; };
		C0AB5EE01D23D3100012894F /* AWIrmOperationFactory.swift */ = {isa = PBXFileReference; fileEncoding = 4; lastKnownFileType = sourcecode.swift; path = AWIrmOperationFactory.swift; sourceTree = "<group>"; };
		C0AB5EE11D23D3100012894F /* AWIrmProviderType.swift */ = {isa = PBXFileReference; fileEncoding = 4; lastKnownFileType = sourcecode.swift; path = AWIrmProviderType.swift; sourceTree = "<group>"; };
		C0AB5EE21D23D3100012894F /* AWIrmResponse.swift */ = {isa = PBXFileReference; fileEncoding = 4; lastKnownFileType = sourcecode.swift; path = AWIrmResponse.swift; sourceTree = "<group>"; };
		C0AB5EE31D23D3100012894F /* AWIrmUserPolicy.swift */ = {isa = PBXFileReference; fileEncoding = 4; lastKnownFileType = sourcecode.swift; path = AWIrmUserPolicy.swift; sourceTree = "<group>"; };
		C0AB5EEA1D23D34C0012894F /* AWIrmProtocol.swift */ = {isa = PBXFileReference; fileEncoding = 4; lastKnownFileType = sourcecode.swift; path = AWIrmProtocol.swift; sourceTree = "<group>"; };
		C0AB5EEF1D23D3D20012894F /* AWMSIrmDataProvider.swift */ = {isa = PBXFileReference; fileEncoding = 4; lastKnownFileType = sourcecode.swift; path = AWMSIrmDataProvider.swift; sourceTree = "<group>"; };
		C0AB5EF01D23D3D20012894F /* AWMSIrmFileOperation.swift */ = {isa = PBXFileReference; fileEncoding = 4; lastKnownFileType = sourcecode.swift; path = AWMSIrmFileOperation.swift; sourceTree = "<group>"; };
		C0AB5EF31D23D3F50012894F /* AWMSIrmConsent.swift */ = {isa = PBXFileReference; fileEncoding = 4; lastKnownFileType = sourcecode.swift; path = AWMSIrmConsent.swift; sourceTree = "<group>"; };
		C0AB5EF41D23D3F50012894F /* AWMSIrmPolicyParser.swift */ = {isa = PBXFileReference; fileEncoding = 4; lastKnownFileType = sourcecode.swift; path = AWMSIrmPolicyParser.swift; sourceTree = "<group>"; };
		C0D7509C1D26308A00B21737 /* ADALiOS.bundle */ = {isa = PBXFileReference; lastKnownFileType = "wrapper.plug-in"; path = ADALiOS.bundle; sourceTree = "<group>"; };
		C0D7509D1D26308A00B21737 /* ADALiOS.framework */ = {isa = PBXFileReference; lastKnownFileType = wrapper.framework; path = ADALiOS.framework; sourceTree = "<group>"; };
/* End PBXFileReference section */

/* Begin PBXFrameworksBuildPhase section */
		C0AB5DF71D2379430012894F /* Frameworks */ = {
			isa = PBXFrameworksBuildPhase;
			buildActionMask = 2147483647;
			files = (
				C01CAC581D2532590093423B /* SystemConfiguration.framework in Frameworks */,
				C01CAC561D2532550093423B /* Security.framework in Frameworks */,
				C01CAC541D2532510093423B /* CoreData.framework in Frameworks */,
				C01CAC521D25324C0093423B /* MessageUI.framework in Frameworks */,
				C01CAC501D2532480093423B /* libresolv.9.tbd in Frameworks */,
				C0D7509F1D26308A00B21737 /* ADALiOS.framework in Frameworks */,
				C01CAC4C1D25315D0093423B /* MSRightsManagement.framework in Frameworks */,
			);
			runOnlyForDeploymentPostprocessing = 0;
		};
		C0AB5E021D2379430012894F /* Frameworks */ = {
			isa = PBXFrameworksBuildPhase;
			buildActionMask = 2147483647;
			files = (
				C0AB5E061D2379430012894F /* AWIrmFramework.framework in Frameworks */,
			);
			runOnlyForDeploymentPostprocessing = 0;
		};
/* End PBXFrameworksBuildPhase section */

/* Begin PBXGroup section */
		C01CAC481D2531500093423B /* Frameworks */ = {
			isa = PBXGroup;
			children = (
				C0D7509C1D26308A00B21737 /* ADALiOS.bundle */,
				C0D7509D1D26308A00B21737 /* ADALiOS.framework */,
				C01CAC4F1D2532480093423B /* libresolv.9.tbd */,
				C01CAC571D2532590093423B /* SystemConfiguration.framework */,
				C01CAC551D2532550093423B /* Security.framework */,
				C01CAC531D2532510093423B /* CoreData.framework */,
				C01CAC511D25324C0093423B /* MessageUI.framework */,
				C01CAC491D25315D0093423B /* MSRightsManagementResources.bundle */,
				C01CAC4A1D25315D0093423B /* MSRightsManagement.framework */,
			);
			path = Frameworks;
			sourceTree = "<group>";
		};
		C0AB5DF11D2379430012894F = {
			isa = PBXGroup;
			children = (
				C0AB5DFD1D2379430012894F /* AWIrmFramework */,
				C0AB5E091D2379430012894F /* AWIrmFrameworkTests */,
				C0AB5DFC1D2379430012894F /* Products */,
			);
			sourceTree = "<group>";
		};
		C0AB5DFC1D2379430012894F /* Products */ = {
			isa = PBXGroup;
			children = (
				C0AB5DFB1D2379430012894F /* AWIrmFramework.framework */,
				C0AB5E051D2379430012894F /* AWIrmFrameworkTests.xctest */,
			);
			name = Products;
			sourceTree = "<group>";
		};
		C0AB5DFD1D2379430012894F /* AWIrmFramework */ = {
			isa = PBXGroup;
			children = (
				C01CAC481D2531500093423B /* Frameworks */,
				C0AB5EDE1D23D2DD0012894F /* Public */,
				C0AB5EEC1D23D36C0012894F /* Providers */,
				C0AB5EE91D23D3330012894F /* Internal */,
				C0AB5E001D2379430012894F /* Info.plist */,
				C01CAC4E1D2531BD0093423B /* AWIrmFramework-Bridging-Header.h */,
				C01CAC4D1D25316A0093423B /* AWIrmFramework.modulemap */,
				C01CAC591D2533C00093423B /* AWIrmFramework.h */,
			);
			path = AWIrmFramework;
			sourceTree = "<group>";
		};
		C0AB5E091D2379430012894F /* AWIrmFrameworkTests */ = {
			isa = PBXGroup;
			children = (
				C0AB5E0A1D2379430012894F /* AWIrmFrameworkTests.swift */,
				C0AB5E0C1D2379430012894F /* Info.plist */,
			);
			path = AWIrmFrameworkTests;
			sourceTree = "<group>";
		};
		C0AB5EDE1D23D2DD0012894F /* Public */ = {
			isa = PBXGroup;
			children = (
				C0AB5EDF1D23D3100012894F /* AWIrmDataProvider.swift */,
				C0AB5EE01D23D3100012894F /* AWIrmOperationFactory.swift */,
				C0AB5EE11D23D3100012894F /* AWIrmProviderType.swift */,
				C0AB5EE21D23D3100012894F /* AWIrmResponse.swift */,
				C0AB5EE31D23D3100012894F /* AWIrmUserPolicy.swift */,
			);
			path = Public;
			sourceTree = "<group>";
		};
		C0AB5EE91D23D3330012894F /* Internal */ = {
			isa = PBXGroup;
			children = (
				C0AB5EEA1D23D34C0012894F /* AWIrmProtocol.swift */,
			);
			path = Internal;
			sourceTree = "<group>";
		};
		C0AB5EEC1D23D36C0012894F /* Providers */ = {
			isa = PBXGroup;
			children = (
				C0AB5EED1D23D3880012894F /* Microsoft */,
			);
			path = Providers;
			sourceTree = "<group>";
		};
		C0AB5EED1D23D3880012894F /* Microsoft */ = {
			isa = PBXGroup;
			children = (
				C0AB5EEF1D23D3D20012894F /* AWMSIrmDataProvider.swift */,
				C0AB5EF01D23D3D20012894F /* AWMSIrmFileOperation.swift */,
				C0AB5EEE1D23D3960012894F /* Internal */,
			);
			path = Microsoft;
			sourceTree = "<group>";
		};
		C0AB5EEE1D23D3960012894F /* Internal */ = {
			isa = PBXGroup;
			children = (
				C0AB5EF31D23D3F50012894F /* AWMSIrmConsent.swift */,
				C0AB5EF41D23D3F50012894F /* AWMSIrmPolicyParser.swift */,
			);
			path = Internal;
			sourceTree = "<group>";
		};
/* End PBXGroup section */

/* Begin PBXHeadersBuildPhase section */
		C0AB5DF81D2379430012894F /* Headers */ = {
			isa = PBXHeadersBuildPhase;
			buildActionMask = 2147483647;
			files = (
			);
			runOnlyForDeploymentPostprocessing = 0;
		};
/* End PBXHeadersBuildPhase section */

/* Begin PBXNativeTarget section */
		C0AB5DFA1D2379430012894F /* AWIrmFramework */ = {
			isa = PBXNativeTarget;
			buildConfigurationList = C0AB5E0F1D2379430012894F /* Build configuration list for PBXNativeTarget "AWIrmFramework" */;
			buildPhases = (
				C0AB5DF61D2379430012894F /* Sources */,
				C0AB5DF71D2379430012894F /* Frameworks */,
				C0AB5DF81D2379430012894F /* Headers */,
				C0AB5DF91D2379430012894F /* Resources */,
			);
			buildRules = (
			);
			dependencies = (
			);
			name = AWIrmFramework;
			productName = AWIrmFramework;
			productReference = C0AB5DFB1D2379430012894F /* AWIrmFramework.framework */;
			productType = "com.apple.product-type.framework";
		};
		C0AB5E041D2379430012894F /* AWIrmFrameworkTests */ = {
			isa = PBXNativeTarget;
			buildConfigurationList = C0AB5E121D2379430012894F /* Build configuration list for PBXNativeTarget "AWIrmFrameworkTests" */;
			buildPhases = (
				C0AB5E011D2379430012894F /* Sources */,
				C0AB5E021D2379430012894F /* Frameworks */,
				C0AB5E031D2379430012894F /* Resources */,
			);
			buildRules = (
			);
			dependencies = (
				C0AB5E081D2379430012894F /* PBXTargetDependency */,
			);
			name = AWIrmFrameworkTests;
			productName = AWIrmFrameworkTests;
			productReference = C0AB5E051D2379430012894F /* AWIrmFrameworkTests.xctest */;
			productType = "com.apple.product-type.bundle.unit-test";
		};
/* End PBXNativeTarget section */

/* Begin PBXProject section */
		C0AB5DF21D2379430012894F /* Project object */ = {
			isa = PBXProject;
			attributes = {
				LastSwiftUpdateCheck = 0730;
				LastUpgradeCheck = 0730;
				ORGANIZATIONNAME = "VMware Airwatch";
				TargetAttributes = {
					C0AB5DFA1D2379430012894F = {
						CreatedOnToolsVersion = 7.3.1;
					};
					C0AB5E041D2379430012894F = {
						CreatedOnToolsVersion = 7.3.1;
					};
				};
			};
			buildConfigurationList = C0AB5DF51D2379430012894F /* Build configuration list for PBXProject "AWIrmFramework" */;
			compatibilityVersion = "Xcode 3.2";
			developmentRegion = English;
			hasScannedForEncodings = 0;
			knownRegions = (
				en,
			);
			mainGroup = C0AB5DF11D2379430012894F;
			productRefGroup = C0AB5DFC1D2379430012894F /* Products */;
			projectDirPath = "";
			projectRoot = "";
			targets = (
				C0AB5DFA1D2379430012894F /* AWIrmFramework */,
				C0AB5E041D2379430012894F /* AWIrmFrameworkTests */,
			);
		};
/* End PBXProject section */

/* Begin PBXResourcesBuildPhase section */
		C0AB5DF91D2379430012894F /* Resources */ = {
			isa = PBXResourcesBuildPhase;
			buildActionMask = 2147483647;
			files = (
				C01CAC4B1D25315D0093423B /* MSRightsManagementResources.bundle in Resources */,
				C0D7509E1D26308A00B21737 /* ADALiOS.bundle in Resources */,
			);
			runOnlyForDeploymentPostprocessing = 0;
		};
		C0AB5E031D2379430012894F /* Resources */ = {
			isa = PBXResourcesBuildPhase;
			buildActionMask = 2147483647;
			files = (
			);
			runOnlyForDeploymentPostprocessing = 0;
		};
/* End PBXResourcesBuildPhase section */

/* Begin PBXSourcesBuildPhase section */
		C0AB5DF61D2379430012894F /* Sources */ = {
			isa = PBXSourcesBuildPhase;
			buildActionMask = 2147483647;
			files = (
				C0AB5EF11D23D3D20012894F /* AWMSIrmDataProvider.swift in Sources */,
				C0AB5EF61D23D3F50012894F /* AWMSIrmPolicyParser.swift in Sources */,
				C0AB5EF51D23D3F50012894F /* AWMSIrmConsent.swift in Sources */,
				C0AB5EE51D23D3100012894F /* AWIrmOperationFactory.swift in Sources */,
				C0AB5EF21D23D3D20012894F /* AWMSIrmFileOperation.swift in Sources */,
				C0AB5EEB1D23D34C0012894F /* AWIrmProtocol.swift in Sources */,
				C0AB5EE41D23D3100012894F /* AWIrmDataProvider.swift in Sources */,
				C0AB5EE71D23D3100012894F /* AWIrmResponse.swift in Sources */,
				C0AB5EE61D23D3100012894F /* AWIrmProviderType.swift in Sources */,
				C0AB5EE81D23D3100012894F /* AWIrmUserPolicy.swift in Sources */,
			);
			runOnlyForDeploymentPostprocessing = 0;
		};
		C0AB5E011D2379430012894F /* Sources */ = {
			isa = PBXSourcesBuildPhase;
			buildActionMask = 2147483647;
			files = (
				C0AB5E0B1D2379430012894F /* AWIrmFrameworkTests.swift in Sources */,
			);
			runOnlyForDeploymentPostprocessing = 0;
		};
/* End PBXSourcesBuildPhase section */

/* Begin PBXTargetDependency section */
		C0AB5E081D2379430012894F /* PBXTargetDependency */ = {
			isa = PBXTargetDependency;
			target = C0AB5DFA1D2379430012894F /* AWIrmFramework */;
			targetProxy = C0AB5E071D2379430012894F /* PBXContainerItemProxy */;
		};
/* End PBXTargetDependency section */

/* Begin XCBuildConfiguration section */
		C0AB5E0D1D2379430012894F /* Debug */ = {
			isa = XCBuildConfiguration;
			buildSettings = {
				ALWAYS_SEARCH_USER_PATHS = NO;
				CLANG_ANALYZER_NONNULL = YES;
				CLANG_CXX_LANGUAGE_STANDARD = "gnu++0x";
				CLANG_CXX_LIBRARY = "libc++";
				CLANG_ENABLE_MODULES = YES;
				CLANG_ENABLE_OBJC_ARC = YES;
				CLANG_WARN_BOOL_CONVERSION = YES;
				CLANG_WARN_CONSTANT_CONVERSION = YES;
				CLANG_WARN_DIRECT_OBJC_ISA_USAGE = YES_ERROR;
				CLANG_WARN_EMPTY_BODY = YES;
				CLANG_WARN_ENUM_CONVERSION = YES;
				CLANG_WARN_INT_CONVERSION = YES;
				CLANG_WARN_OBJC_ROOT_CLASS = YES_ERROR;
				CLANG_WARN_UNREACHABLE_CODE = YES;
				CLANG_WARN__DUPLICATE_METHOD_MATCH = YES;
				"CODE_SIGN_IDENTITY[sdk=iphoneos*]" = "iPhone Developer";
				COPY_PHASE_STRIP = NO;
				CURRENT_PROJECT_VERSION = 1;
				DEBUG_INFORMATION_FORMAT = dwarf;
				ENABLE_STRICT_OBJC_MSGSEND = YES;
				ENABLE_TESTABILITY = YES;
				GCC_C_LANGUAGE_STANDARD = gnu99;
				GCC_DYNAMIC_NO_PIC = NO;
				GCC_NO_COMMON_BLOCKS = YES;
				GCC_OPTIMIZATION_LEVEL = 0;
				GCC_PREPROCESSOR_DEFINITIONS = (
					"DEBUG=1",
					"$(inherited)",
				);
				GCC_WARN_64_TO_32_BIT_CONVERSION = YES;
				GCC_WARN_ABOUT_RETURN_TYPE = YES_ERROR;
				GCC_WARN_UNDECLARED_SELECTOR = YES;
				GCC_WARN_UNINITIALIZED_AUTOS = YES_AGGRESSIVE;
				GCC_WARN_UNUSED_FUNCTION = YES;
				GCC_WARN_UNUSED_VARIABLE = YES;
				IPHONEOS_DEPLOYMENT_TARGET = 9.3;
				MTL_ENABLE_DEBUG_INFO = YES;
				ONLY_ACTIVE_ARCH = YES;
				SDKROOT = iphoneos;
				SWIFT_OPTIMIZATION_LEVEL = "-Onone";
				TARGETED_DEVICE_FAMILY = "1,2";
				VERSIONING_SYSTEM = "apple-generic";
				VERSION_INFO_PREFIX = "";
			};
			name = Debug;
		};
		C0AB5E0E1D2379430012894F /* Release */ = {
			isa = XCBuildConfiguration;
			buildSettings = {
				ALWAYS_SEARCH_USER_PATHS = NO;
				CLANG_ANALYZER_NONNULL = YES;
				CLANG_CXX_LANGUAGE_STANDARD = "gnu++0x";
				CLANG_CXX_LIBRARY = "libc++";
				CLANG_ENABLE_MODULES = YES;
				CLANG_ENABLE_OBJC_ARC = YES;
				CLANG_WARN_BOOL_CONVERSION = YES;
				CLANG_WARN_CONSTANT_CONVERSION = YES;
				CLANG_WARN_DIRECT_OBJC_ISA_USAGE = YES_ERROR;
				CLANG_WARN_EMPTY_BODY = YES;
				CLANG_WARN_ENUM_CONVERSION = YES;
				CLANG_WARN_INT_CONVERSION = YES;
				CLANG_WARN_OBJC_ROOT_CLASS = YES_ERROR;
				CLANG_WARN_UNREACHABLE_CODE = YES;
				CLANG_WARN__DUPLICATE_METHOD_MATCH = YES;
				"CODE_SIGN_IDENTITY[sdk=iphoneos*]" = "iPhone Developer";
				COPY_PHASE_STRIP = NO;
				CURRENT_PROJECT_VERSION = 1;
				DEBUG_INFORMATION_FORMAT = "dwarf-with-dsym";
				ENABLE_NS_ASSERTIONS = NO;
				ENABLE_STRICT_OBJC_MSGSEND = YES;
				GCC_C_LANGUAGE_STANDARD = gnu99;
				GCC_NO_COMMON_BLOCKS = YES;
				GCC_WARN_64_TO_32_BIT_CONVERSION = YES;
				GCC_WARN_ABOUT_RETURN_TYPE = YES_ERROR;
				GCC_WARN_UNDECLARED_SELECTOR = YES;
				GCC_WARN_UNINITIALIZED_AUTOS = YES_AGGRESSIVE;
				GCC_WARN_UNUSED_FUNCTION = YES;
				GCC_WARN_UNUSED_VARIABLE = YES;
				IPHONEOS_DEPLOYMENT_TARGET = 9.3;
				MTL_ENABLE_DEBUG_INFO = NO;
				SDKROOT = iphoneos;
				TARGETED_DEVICE_FAMILY = "1,2";
				VALIDATE_PRODUCT = YES;
				VERSIONING_SYSTEM = "apple-generic";
				VERSION_INFO_PREFIX = "";
			};
			name = Release;
		};
		C0AB5E101D2379430012894F /* Debug */ = {
			isa = XCBuildConfiguration;
			buildSettings = {
				CLANG_ENABLE_MODULES = YES;
				DEFINES_MODULE = YES;
				DYLIB_COMPATIBILITY_VERSION = 1;
				DYLIB_CURRENT_VERSION = 1;
				DYLIB_INSTALL_NAME_BASE = "@rpath";
				FRAMEWORK_SEARCH_PATHS = (
					"$(inherited)",
					"$(PROJECT_DIR)/AWIrmFramework/Frameworks",
				);
				INFOPLIST_FILE = AWIrmFramework/Info.plist;
				INSTALL_PATH = "$(LOCAL_LIBRARY_DIR)/Frameworks";
				LD_RUNPATH_SEARCH_PATHS = "$(inherited) @executable_path/Frameworks @loader_path/Frameworks";
				OTHER_LDFLAGS = "-ObjC";
				PRODUCT_BUNDLE_IDENTIFIER = com.airwatch.AWIrmFramework;
				PRODUCT_NAME = "$(TARGET_NAME)";
				SKIP_INSTALL = YES;
				SWIFT_OBJC_BRIDGING_HEADER = "AWIrmFramework/AWIrmFramework-Bridging-Header.h";
				SWIFT_OPTIMIZATION_LEVEL = "-Onone";
			};
			name = Debug;
		};
		C0AB5E111D2379430012894F /* Release */ = {
			isa = XCBuildConfiguration;
			buildSettings = {
				CLANG_ENABLE_MODULES = YES;
				DEFINES_MODULE = YES;
				DYLIB_COMPATIBILITY_VERSION = 1;
				DYLIB_CURRENT_VERSION = 1;
				DYLIB_INSTALL_NAME_BASE = "@rpath";
				FRAMEWORK_SEARCH_PATHS = (
					"$(inherited)",
					"$(PROJECT_DIR)/AWIrmFramework/Frameworks",
				);
				INFOPLIST_FILE = AWIrmFramework/Info.plist;
				INSTALL_PATH = "$(LOCAL_LIBRARY_DIR)/Frameworks";
				LD_RUNPATH_SEARCH_PATHS = "$(inherited) @executable_path/Frameworks @loader_path/Frameworks";
				OTHER_LDFLAGS = "-ObjC";
				PRODUCT_BUNDLE_IDENTIFIER = com.airwatch.AWIrmFramework;
				PRODUCT_NAME = "$(TARGET_NAME)";
				SKIP_INSTALL = YES;
				SWIFT_OBJC_BRIDGING_HEADER = "AWIrmFramework/AWIrmFramework-Bridging-Header.h";
			};
			name = Release;
		};
		C0AB5E131D2379430012894F /* Debug */ = {
			isa = XCBuildConfiguration;
			buildSettings = {
				INFOPLIST_FILE = AWIrmFrameworkTests/Info.plist;
				LD_RUNPATH_SEARCH_PATHS = "$(inherited) @executable_path/Frameworks @loader_path/Frameworks";
				PRODUCT_BUNDLE_IDENTIFIER = com.airwatch.AWIrmFrameworkTests;
				PRODUCT_NAME = "$(TARGET_NAME)";
			};
			name = Debug;
		};
		C0AB5E141D2379430012894F /* Release */ = {
			isa = XCBuildConfiguration;
			buildSettings = {
				INFOPLIST_FILE = AWIrmFrameworkTests/Info.plist;
				LD_RUNPATH_SEARCH_PATHS = "$(inherited) @executable_path/Frameworks @loader_path/Frameworks";
				PRODUCT_BUNDLE_IDENTIFIER = com.airwatch.AWIrmFrameworkTests;
				PRODUCT_NAME = "$(TARGET_NAME)";
			};
			name = Release;
		};
/* End XCBuildConfiguration section */

/* Begin XCConfigurationList section */
		C0AB5DF51D2379430012894F /* Build configuration list for PBXProject "AWIrmFramework" */ = {
			isa = XCConfigurationList;
			buildConfigurations = (
				C0AB5E0D1D2379430012894F /* Debug */,
				C0AB5E0E1D2379430012894F /* Release */,
			);
			defaultConfigurationIsVisible = 0;
			defaultConfigurationName = Release;
		};
		C0AB5E0F1D2379430012894F /* Build configuration list for PBXNativeTarget "AWIrmFramework" */ = {
			isa = XCConfigurationList;
			buildConfigurations = (
				C0AB5E101D2379430012894F /* Debug */,
				C0AB5E111D2379430012894F /* Release */,
			);
			defaultConfigurationIsVisible = 0;
			defaultConfigurationName = Release;
		};
		C0AB5E121D2379430012894F /* Build configuration list for PBXNativeTarget "AWIrmFrameworkTests" */ = {
			isa = XCConfigurationList;
			buildConfigurations = (
				C0AB5E131D2379430012894F /* Debug */,
				C0AB5E141D2379430012894F /* Release */,
			);
			defaultConfigurationIsVisible = 0;
			defaultConfigurationName = Release;
		};
/* End XCConfigurationList section */
	};
	rootObject = C0AB5DF21D2379430012894F /* Project object */;
}
